
Microsoft Visual Studio Solution File, Format Version 12.00
# Visual Studio Version 16
VisualStudioVersion = 16.0.31624.102
MinimumVisualStudioVersion = 10.0.40219.1
Project("{9A19103F-16F7-4668-BE54-9A1E7A4F7556}") = "Calculator", "Calculator\Calculator.csproj", "{380B8455-8685-447D-B239-2640F6DD5357}"
EndProject
Project("{9A19103F-16F7-4668-BE54-9A1E7A4F7556}") = "Calculator.Tests", "Calculator.Test\Calculator.Tests.csproj", "{5CCC6085-D374-4113-B7C6-E45B8405743D}"
EndProject
Global
	GlobalSection(SolutionConfigurationPlatforms) = preSolution
		Debug|Any CPU = Debug|Any CPU
		Release|Any CPU = Release|Any CPU
	EndGlobalSection
	GlobalSection(ProjectConfigurationPlatforms) = postSolution
		{380B8455-8685-447D-B239-2640F6DD5357}.Debug|Any CPU.ActiveCfg = Debug|Any CPU
		{380B8455-8685-447D-B239-2640F6DD5357}.Debug|Any CPU.Build.0 = Debug|Any CPU
		{380B8455-8685-447D-B239-2640F6DD5357}.Release|Any CPU.ActiveCfg = Release|Any CPU
		{380B8455-8685-447D-B239-2640F6DD5357}.Release|Any CPU.Build.0 = Release|Any CPU
		{5CCC6085-D374-4113-B7C6-E45B8405743D}.Debug|Any CPU.ActiveCfg = Debug|Any CPU
		{5CCC6085-D374-4113-B7C6-E45B8405743D}.Debug|Any CPU.Build.0 = Debug|Any CPU
		{5CCC6085-D374-4113-B7C6-E45B8405743D}.Release|Any CPU.ActiveCfg = Release|Any CPU
		{5CCC6085-D374-4113-B7C6-E45B8405743D}.Release|Any CPU.Build.0 = Release|Any CPU
	EndGlobalSection
	GlobalSection(SolutionProperties) = preSolution
		HideSolutionNode = FALSE
	EndGlobalSection
	GlobalSection(ExtensibilityGlobals) = postSolution
		SolutionGuid = {E75159CA-B1A4-40FC-AB30-A127973D0D71}
	EndGlobalSection
EndGlobal
